
Microsoft Visual Studio Solution File, Format Version 12.00
# Visual Studio 15
VisualStudioVersion = 15.0.27703.2042
MinimumVisualStudioVersion = 10.0.40219.1
Project("{8BC9CEB8-8B4A-11D0-8D11-00A0C91BC942}") = "Project 1", "Project 1\Project 1.vcxproj", "{4949F312-79DE-42B8-A041-9AE0C64F016D}"
EndProject
Project("{8BC9CEB8-8B4A-11D0-8D11-00A0C91BC942}") = "Project 2", "Project 2\Project 2.vcxproj", "{77223014-82EF-4527-999D-E4BFDAB37937}"
EndProject
Project("{8BC9CEB8-8B4A-11D0-8D11-00A0C91BC942}") = "Project 3", "Project 3\Project 3.vcxproj", "{81021966-07A4-4962-8DBA-EE81ECDA9BB8}"
EndProject
Project("{8BC9CEB8-8B4A-11D0-8D11-00A0C91BC942}") = "Project 4", "Project 4\Project 4.vcxproj", "{328FE0EE-E7B4-42E5-8DB3-808FABC85537}"
EndProject
Project("{8BC9CEB8-8B4A-11D0-8D11-00A0C91BC942}") = "Project 5", "Project 5\Project 5.vcxproj", "{C3320A3D-F308-4168-B589-6783672AAA2F}"
EndProject
Project("{8BC9CEB8-8B4A-11D0-8D11-00A0C91BC942}") = "Project 6", "Project 6\Project 6.vcxproj", "{CF58BA9C-2344-47DC-B9D1-3C11D80DAC5D}"
EndProject
Project("{8BC9CEB8-8B4A-11D0-8D11-00A0C91BC942}") = "Project 7", "Project 7\Project 7.vcxproj", "{6E4529E1-6C69-49CA-9110-DCF9BC1D749A}"
EndProject
Project("{8BC9CEB8-8B4A-11D0-8D11-00A0C91BC942}") = "Project 8", "Project 8\Project 8.vcxproj", "{D4DFBFD0-7D55-49DB-AF79-1BFEBA6C435A}"
EndProject
Global
	GlobalSection(SolutionConfigurationPlatforms) = preSolution
		Debug|x64 = Debug|x64
		Debug|x86 = Debug|x86
		Release|x64 = Release|x64
		Release|x86 = Release|x86
	EndGlobalSection
	GlobalSection(ProjectConfigurationPlatforms) = postSolution
		{4949F312-79DE-42B8-A041-9AE0C64F016D}.Debug|x64.ActiveCfg = Debug|x64
		{4949F312-79DE-42B8-A041-9AE0C64F016D}.Debug|x64.Build.0 = Debug|x64
		{4949F312-79DE-42B8-A041-9AE0C64F016D}.Debug|x86.ActiveCfg = Debug|Win32
		{4949F312-79DE-42B8-A041-9AE0C64F016D}.Debug|x86.Build.0 = Debug|Win32
		{4949F312-79DE-42B8-A041-9AE0C64F016D}.Release|x64.ActiveCfg = Release|x64
		{4949F312-79DE-42B8-A041-9AE0C64F016D}.Release|x64.Build.0 = Release|x64
		{4949F312-79DE-42B8-A041-9AE0C64F016D}.Release|x86.ActiveCfg = Release|Win32
		{4949F312-79DE-42B8-A041-9AE0C64F016D}.Release|x86.Build.0 = Release|Win32
		{77223014-82EF-4527-999D-E4BFDAB37937}.Debug|x64.ActiveCfg = Debug|x64
		{77223014-82EF-4527-999D-E4BFDAB37937}.Debug|x64.Build.0 = Debug|x64
		{77223014-82EF-4527-999D-E4BFDAB37937}.Debug|x86.ActiveCfg = Debug|Win32
		{77223014-82EF-4527-999D-E4BFDAB37937}.Debug|x86.Build.0 = Debug|Win32
		{77223014-82EF-4527-999D-E4BFDAB37937}.Release|x64.ActiveCfg = Release|x64
		{77223014-82EF-4527-999D-E4BFDAB37937}.Release|x64.Build.0 = Release|x64
		{77223014-82EF-4527-999D-E4BFDAB37937}.Release|x86.ActiveCfg = Release|Win32
		{77223014-82EF-4527-999D-E4BFDAB37937}.Release|x86.Build.0 = Release|Win32
		{81021966-07A4-4962-8DBA-EE81ECDA9BB8}.Debug|x64.ActiveCfg = Debug|x64
		{81021966-07A4-4962-8DBA-EE81ECDA9BB8}.Debug|x64.Build.0 = Debug|x64
		{81021966-07A4-4962-8DBA-EE81ECDA9BB8}.Debug|x86.ActiveCfg = Debug|Win32
		{81021966-07A4-4962-8DBA-EE81ECDA9BB8}.Debug|x86.Build.0 = Debug|Win32
		{81021966-07A4-4962-8DBA-EE81ECDA9BB8}.Release|x64.ActiveCfg = Release|x64
		{81021966-07A4-4962-8DBA-EE81ECDA9BB8}.Release|x64.Build.0 = Release|x64
		{81021966-07A4-4962-8DBA-EE81ECDA9BB8}.Release|x86.ActiveCfg = Release|Win32
		{81021966-07A4-4962-8DBA-EE81ECDA9BB8}.Release|x86.Build.0 = Release|Win32
		{328FE0EE-E7B4-42E5-8DB3-808FABC85537}.Debug|x64.ActiveCfg = Debug|x64
		{328FE0EE-E7B4-42E5-8DB3-808FABC85537}.Debug|x64.Build.0 = Debug|x64
		{328FE0EE-E7B4-42E5-8DB3-808FABC85537}.Debug|x86.ActiveCfg = Debug|Win32
		{328FE0EE-E7B4-42E5-8DB3-808FABC85537}.Debug|x86.Build.0 = Debug|Win32
		{328FE0EE-E7B4-42E5-8DB3-808FABC85537}.Release|x64.ActiveCfg = Release|x64
		{328FE0EE-E7B4-42E5-8DB3-808FABC85537}.Release|x64.Build.0 = Release|x64
		{328FE0EE-E7B4-42E5-8DB3-808FABC85537}.Release|x86.ActiveCfg = Release|Win32
		{328FE0EE-E7B4-42E5-8DB3-808FABC85537}.Release|x86.Build.0 = Release|Win32
		{C3320A3D-F308-4168-B589-6783672AAA2F}.Debug|x64.ActiveCfg = Debug|x64
		{C3320A3D-F308-4168-B589-6783672AAA2F}.Debug|x64.Build.0 = Debug|x64
		{C3320A3D-F308-4168-B589-6783672AAA2F}.Debug|x86.ActiveCfg = Debug|Win32
		{C3320A3D-F308-4168-B589-6783672AAA2F}.Debug|x86.Build.0 = Debug|Win32
		{C3320A3D-F308-4168-B589-6783672AAA2F}.Release|x64.ActiveCfg = Release|x64
		{C3320A3D-F308-4168-B589-6783672AAA2F}.Release|x64.Build.0 = Release|x64
		{C3320A3D-F308-4168-B589-6783672AAA2F}.Release|x86.ActiveCfg = Release|Win32
		{C3320A3D-F308-4168-B589-6783672AAA2F}.Release|x86.Build.0 = Release|Win32
		{CF58BA9C-2344-47DC-B9D1-3C11D80DAC5D}.Debug|x64.ActiveCfg = Debug|x64
		{CF58BA9C-2344-47DC-B9D1-3C11D80DAC5D}.Debug|x64.Build.0 = Debug|x64
		{CF58BA9C-2344-47DC-B9D1-3C11D80DAC5D}.Debug|x86.ActiveCfg = Debug|Win32
		{CF58BA9C-2344-47DC-B9D1-3C11D80DAC5D}.Debug|x86.Build.0 = Debug|Win32
		{CF58BA9C-2344-47DC-B9D1-3C11D80DAC5D}.Release|x64.ActiveCfg = Release|x64
		{CF58BA9C-2344-47DC-B9D1-3C11D80DAC5D}.Release|x64.Build.0 = Release|x64
		{CF58BA9C-2344-47DC-B9D1-3C11D80DAC5D}.Release|x86.ActiveCfg = Release|Win32
		{CF58BA9C-2344-47DC-B9D1-3C11D80DAC5D}.Release|x86.Build.0 = Release|Win32
		{6E4529E1-6C69-49CA-9110-DCF9BC1D749A}.Debug|x64.ActiveCfg = Debug|x64
		{6E4529E1-6C69-49CA-9110-DCF9BC1D749A}.Debug|x64.Build.0 = Debug|x64
		{6E4529E1-6C69-49CA-9110-DCF9BC1D749A}.Debug|x86.ActiveCfg = Debug|Win32
		{6E4529E1-6C69-49CA-9110-DCF9BC1D749A}.Debug|x86.Build.0 = Debug|Win32
		{6E4529E1-6C69-49CA-9110-DCF9BC1D749A}.Release|x64.ActiveCfg = Release|x64
		{6E4529E1-6C69-49CA-9110-DCF9BC1D749A}.Release|x64.Build.0 = Release|x64
		{6E4529E1-6C69-49CA-9110-DCF9BC1D749A}.Release|x86.ActiveCfg = Release|Win32
		{6E4529E1-6C69-49CA-9110-DCF9BC1D749A}.Release|x86.Build.0 = Release|Win32
		{D4DFBFD0-7D55-49DB-AF79-1BFEBA6C435A}.Debug|x64.ActiveCfg = Debug|x64
		{D4DFBFD0-7D55-49DB-AF79-1BFEBA6C435A}.Debug|x64.Build.0 = Debug|x64
		{D4DFBFD0-7D55-49DB-AF79-1BFEBA6C435A}.Debug|x86.ActiveCfg = Debug|Win32
		{D4DFBFD0-7D55-49DB-AF79-1BFEBA6C435A}.Debug|x86.Build.0 = Debug|Win32
		{D4DFBFD0-7D55-49DB-AF79-1BFEBA6C435A}.Release|x64.ActiveCfg = Release|x64
		{D4DFBFD0-7D55-49DB-AF79-1BFEBA6C435A}.Release|x64.Build.0 = Release|x64
		{D4DFBFD0-7D55-49DB-AF79-1BFEBA6C435A}.Release|x86.ActiveCfg = Release|Win32
		{D4DFBFD0-7D55-49DB-AF79-1BFEBA6C435A}.Release|x86.Build.0 = Release|Win32
	EndGlobalSection
	GlobalSection(SolutionProperties) = preSolution
		HideSolutionNode = FALSE
	EndGlobalSection
	GlobalSection(ExtensibilityGlobals) = postSolution
		SolutionGuid = {74ACDC20-6DE5-478B-8108-9055E0DDDABA}
	EndGlobalSection
EndGlobal
